// !$*UTF8*$!
{
	archiveVersion = 1;
	classes = {
	};
	objectVersion = 56;
	objects = {

/* Begin PBXBuildFile section */
		224FD59D2B7D43390031AC10 /* CircleImage.swift in Sources */ = {isa = PBXBuildFile; fileRef = 224FD59C2B7D43390031AC10 /* CircleImage.swift */; };
		22558EA82BA9FB65000A1262 /* MapView.swift in Sources */ = {isa = PBXBuildFile; fileRef = 22558EA72BA9FB65000A1262 /* MapView.swift */; };
		227CE1912BAEE6860024B074 /* ModelData.swift in Sources */ = {isa = PBXBuildFile; fileRef = 227CE1902BAEE6860024B074 /* ModelData.swift */; };
		227CE1932BAEE7CF0024B074 /* Landmark.swift in Sources */ = {isa = PBXBuildFile; fileRef = 227CE1922BAEE7CF0024B074 /* Landmark.swift */; };
		227CE1952BAEE83A0024B074 /* landmarkData.json in Resources */ = {isa = PBXBuildFile; fileRef = 227CE1942BAEE83A0024B074 /* landmarkData.json */; };
		22A661EB2B5EEBFD006AA420 /* LandmarksApp.swift in Sources */ = {isa = PBXBuildFile; fileRef = 22A661EA2B5EEBFD006AA420 /* LandmarksApp.swift */; };
		22A661ED2B5EEBFD006AA420 /* ContentView.swift in Sources */ = {isa = PBXBuildFile; fileRef = 22A661EC2B5EEBFD006AA420 /* ContentView.swift */; };
		22A661EF2B5EEBFD006AA420 /* Assets.xcassets in Resources */ = {isa = PBXBuildFile; fileRef = 22A661EE2B5EEBFD006AA420 /* Assets.xcassets */; };
		22A661F22B5EEBFD006AA420 /* Preview Assets.xcassets in Resources */ = {isa = PBXBuildFile; fileRef = 22A661F12B5EEBFD006AA420 /* Preview Assets.xcassets */; };
		22A661FA2B5EEC17006AA420 /* .gitignore in Resources */ = {isa = PBXBuildFile; fileRef = 22A661F92B5EEC17006AA420 /* .gitignore */; };
/* End PBXBuildFile section */

/* Begin PBXFileReference section */
		224FD59C2B7D43390031AC10 /* CircleImage.swift */ = {isa = PBXFileReference; lastKnownFileType = sourcecode.swift; path = CircleImage.swift; sourceTree = "<group>"; };
		22558EA72BA9FB65000A1262 /* MapView.swift */ = {isa = PBXFileReference; lastKnownFileType = sourcecode.swift; path = MapView.swift; sourceTree = "<group>"; };
		227CE1902BAEE6860024B074 /* ModelData.swift */ = {isa = PBXFileReference; lastKnownFileType = sourcecode.swift; path = ModelData.swift; sourceTree = "<group>"; };
		227CE1922BAEE7CF0024B074 /* Landmark.swift */ = {isa = PBXFileReference; lastKnownFileType = sourcecode.swift; path = Landmark.swift; sourceTree = "<group>"; };
		227CE1942BAEE83A0024B074 /* landmarkData.json */ = {isa = PBXFileReference; fileEncoding = 4; lastKnownFileType = text.json; name = landmarkData.json; path = ../../../Downloads/BuildingListsAndNavigation/Resources/landmarkData.json; sourceTree = "<group>"; };
		227CE1992BAEE8AA0024B074 /* landmarkData.json */ = {isa = PBXFileReference; lastKnownFileType = text.json; path = landmarkData.json; sourceTree = "<group>"; };
		22A661E72B5EEBFD006AA420 /* Landmarks.app */ = {isa = PBXFileReference; explicitFileType = wrapper.application; includeInIndex = 0; path = Landmarks.app; sourceTree = BUILT_PRODUCTS_DIR; };
		22A661EA2B5EEBFD006AA420 /* LandmarksApp.swift */ = {isa = PBXFileReference; lastKnownFileType = sourcecode.swift; path = LandmarksApp.swift; sourceTree = "<group>"; };
		22A661EC2B5EEBFD006AA420 /* ContentView.swift */ = {isa = PBXFileReference; lastKnownFileType = sourcecode.swift; path = ContentView.swift; sourceTree = "<group>"; };
		22A661EE2B5EEBFD006AA420 /* Assets.xcassets */ = {isa = PBXFileReference; lastKnownFileType = folder.assetcatalog; path = Assets.xcassets; sourceTree = "<group>"; };
		22A661F12B5EEBFD006AA420 /* Preview Assets.xcassets */ = {isa = PBXFileReference; lastKnownFileType = folder.assetcatalog; path = "Preview Assets.xcassets"; sourceTree = "<group>"; };
		22A661F32B5EEBFD006AA420 /* Landmarks.entitlements */ = {isa = PBXFileReference; lastKnownFileType = text.plist.entitlements; path = Landmarks.entitlements; sourceTree = "<group>"; };
		22A661F92B5EEC17006AA420 /* .gitignore */ = {isa = PBXFileReference; lastKnownFileType = text; path = .gitignore; sourceTree = "<group>"; };
/* End PBXFileReference section */

/* Begin PBXFrameworksBuildPhase section */
		22A661E42B5EEBFD006AA420 /* Frameworks */ = {
			isa = PBXFrameworksBuildPhase;
			buildActionMask = 2147483647;
			files = (
			);
			runOnlyForDeploymentPostprocessing = 0;
		};
/* End PBXFrameworksBuildPhase section */

/* Begin PBXGroup section */
		227CE1962BAEE8700024B074 /* Views */ = {
			isa = PBXGroup;
			children = (
				22A661EC2B5EEBFD006AA420 /* ContentView.swift */,
				22558EA72BA9FB65000A1262 /* MapView.swift */,
				224FD59C2B7D43390031AC10 /* CircleImage.swift */,
			);
			path = Views;
			sourceTree = "<group>";
		};
		227CE1972BAEE8950024B074 /* Model */ = {
			isa = PBXGroup;
			children = (
				227CE1902BAEE6860024B074 /* ModelData.swift */,
				227CE1922BAEE7CF0024B074 /* Landmark.swift */,
			);
			path = Model;
			sourceTree = "<group>";
		};
		227CE1982BAEE8A30024B074 /* Resources */ = {
			isa = PBXGroup;
			children = (
				227CE1992BAEE8AA0024B074 /* landmarkData.json */,
			);
			path = Resources;
			sourceTree = "<group>";
		};
		22A661DE2B5EEBFD006AA420 = {
			isa = PBXGroup;
			children = (
				22A661F92B5EEC17006AA420 /* .gitignore */,
				22A661E92B5EEBFD006AA420 /* Landmarks */,
				22A661E82B5EEBFD006AA420 /* Products */,
			);
			sourceTree = "<group>";
		};
		22A661E82B5EEBFD006AA420 /* Products */ = {
			isa = PBXGroup;
			children = (
				22A661E72B5EEBFD006AA420 /* Landmarks.app */,
			);
			name = Products;
			sourceTree = "<group>";
		};
		22A661E92B5EEBFD006AA420 /* Landmarks */ = {
			isa = PBXGroup;
			children = (
				227CE1962BAEE8700024B074 /* Views */,
				227CE1972BAEE8950024B074 /* Model */,
				227CE1942BAEE83A0024B074 /* landmarkData.json */,
				22A661EA2B5EEBFD006AA420 /* LandmarksApp.swift */,
				227CE1982BAEE8A30024B074 /* Resources */,
				22A661EE2B5EEBFD006AA420 /* Assets.xcassets */,
				22A661F32B5EEBFD006AA420 /* Landmarks.entitlements */,
				22A661F02B5EEBFD006AA420 /* Preview Content */,
			);
			path = Landmarks;
			sourceTree = "<group>";
		};
		22A661F02B5EEBFD006AA420 /* Preview Content */ = {
			isa = PBXGroup;
			children = (
				22A661F12B5EEBFD006AA420 /* Preview Assets.xcassets */,
			);
			path = "Preview Content";
			sourceTree = "<group>";
		};
/* End PBXGroup section */

/* Begin PBXNativeTarget section */
		22A661E62B5EEBFD006AA420 /* Landmarks */ = {
			isa = PBXNativeTarget;
			buildConfigurationList = 22A661F62B5EEBFD006AA420 /* Build configuration list for PBXNativeTarget "Landmarks" */;
			buildPhases = (
				22A661E32B5EEBFD006AA420 /* Sources */,
				22A661E42B5EEBFD006AA420 /* Frameworks */,
				22A661E52B5EEBFD006AA420 /* Resources */,
			);
			buildRules = (
			);
			dependencies = (
			);
			name = Landmarks;
			productName = Landmarks;
			productReference = 22A661E72B5EEBFD006AA420 /* Landmarks.app */;
			productType = "com.apple.product-type.application";
		};
/* End PBXNativeTarget section */

/* Begin PBXProject section */
		22A661DF2B5EEBFD006AA420 /* Project object */ = {
			isa = PBXProject;
			attributes = {
				BuildIndependentTargetsInParallel = 1;
				LastSwiftUpdateCheck = 1520;
				LastUpgradeCheck = 1520;
				TargetAttributes = {
					22A661E62B5EEBFD006AA420 = {
						CreatedOnToolsVersion = 15.2;
					};
				};
			};
			buildConfigurationList = 22A661E22B5EEBFD006AA420 /* Build configuration list for PBXProject "Landmarks" */;
			compatibilityVersion = "Xcode 14.0";
			developmentRegion = en;
			hasScannedForEncodings = 0;
			knownRegions = (
				en,
				Base,
			);
			mainGroup = 22A661DE2B5EEBFD006AA420;
			productRefGroup = 22A661E82B5EEBFD006AA420 /* Products */;
			projectDirPath = "";
			projectRoot = "";
			targets = (
				22A661E62B5EEBFD006AA420 /* Landmarks */,
			);
		};
/* End PBXProject section */

/* Begin PBXResourcesBuildPhase section */
		22A661E52B5EEBFD006AA420 /* Resources */ = {
			isa = PBXResourcesBuildPhase;
			buildActionMask = 2147483647;
			files = (
				22A661F22B5EEBFD006AA420 /* Preview Assets.xcassets in Resources */,
				227CE1952BAEE83A0024B074 /* landmarkData.json in Resources */,
				22A661FA2B5EEC17006AA420 /* .gitignore in Resources */,
				22A661EF2B5EEBFD006AA420 /* Assets.xcassets in Resources */,
			);
			runOnlyForDeploymentPostprocessing = 0;
		};
/* End PBXResourcesBuildPhase section */

/* Begin PBXSourcesBuildPhase section */
		22A661E32B5EEBFD006AA420 /* Sources */ = {
			isa = PBXSourcesBuildPhase;
			buildActionMask = 2147483647;
			files = (
				22A661ED2B5EEBFD006AA420 /* ContentView.swift in Sources */,
				22558EA82BA9FB65000A1262 /* MapView.swift in Sources */,
				227CE1912BAEE6860024B074 /* ModelData.swift in Sources */,
				22A661EB2B5EEBFD006AA420 /* LandmarksApp.swift in Sources */,
				224FD59D2B7D43390031AC10 /* CircleImage.swift in Sources */,
				227CE1932BAEE7CF0024B074 /* Landmark.swift in Sources */,
			);
			runOnlyForDeploymentPostprocessing = 0;
		};
/* End PBXSourcesBuildPhase section */

/* Begin XCBuildConfiguration section */
		22A661F42B5EEBFD006AA420 /* Debug */ = {
			isa = XCBuildConfiguration;
			buildSettings = {
				ALWAYS_SEARCH_USER_PATHS = NO;
				ASSETCATALOG_COMPILER_GENERATE_SWIFT_ASSET_SYMBOL_EXTENSIONS = YES;
				CLANG_ANALYZER_NONNULL = YES;
				CLANG_ANALYZER_NUMBER_OBJECT_CONVERSION = YES_AGGRESSIVE;
				CLANG_CXX_LANGUAGE_STANDARD = "gnu++20";
				CLANG_ENABLE_MODULES = YES;
				CLANG_ENABLE_OBJC_ARC = YES;
				CLANG_ENABLE_OBJC_WEAK = YES;
				CLANG_WARN_BLOCK_CAPTURE_AUTORELEASING = YES;
				CLANG_WARN_BOOL_CONVERSION = YES;
				CLANG_WARN_COMMA = YES;
				CLANG_WARN_CONSTANT_CONVERSION = YES;
				CLANG_WARN_DEPRECATED_OBJC_IMPLEMENTATIONS = YES;
				CLANG_WARN_DIRECT_OBJC_ISA_USAGE = YES_ERROR;
				CLANG_WARN_DOCUMENTATION_COMMENTS = YES;
				CLANG_WARN_EMPTY_BODY = YES;
				CLANG_WARN_ENUM_CONVERSION = YES;
				CLANG_WARN_INFINITE_RECURSION = YES;
				CLANG_WARN_INT_CONVERSION = YES;
				CLANG_WARN_NON_LITERAL_NULL_CONVERSION = YES;
				CLANG_WARN_OBJC_IMPLICIT_RETAIN_SELF = YES;
				CLANG_WARN_OBJC_LITERAL_CONVERSION = YES;
				CLANG_WARN_OBJC_ROOT_CLASS = YES_ERROR;
				CLANG_WARN_QUOTED_INCLUDE_IN_FRAMEWORK_HEADER = YES;
				CLANG_WARN_RANGE_LOOP_ANALYSIS = YES;
				CLANG_WARN_STRICT_PROTOTYPES = YES;
				CLANG_WARN_SUSPICIOUS_MOVE = YES;
				CLANG_WARN_UNGUARDED_AVAILABILITY = YES_AGGRESSIVE;
				CLANG_WARN_UNREACHABLE_CODE = YES;
				CLANG_WARN__DUPLICATE_METHOD_MATCH = YES;
				COPY_PHASE_STRIP = NO;
				DEBUG_INFORMATION_FORMAT = dwarf;
				ENABLE_STRICT_OBJC_MSGSEND = YES;
				ENABLE_TESTABILITY = YES;
				ENABLE_USER_SCRIPT_SANDBOXING = YES;
				GCC_C_LANGUAGE_STANDARD = gnu17;
				GCC_DYNAMIC_NO_PIC = NO;
				GCC_NO_COMMON_BLOCKS = YES;
				GCC_OPTIMIZATION_LEVEL = 0;
				GCC_PREPROCESSOR_DEFINITIONS = (
					"DEBUG=1",
					"$(inherited)",
				);
				GCC_WARN_64_TO_32_BIT_CONVERSION = YES;
				GCC_WARN_ABOUT_RETURN_TYPE = YES_ERROR;
				GCC_WARN_UNDECLARED_SELECTOR = YES;
				GCC_WARN_UNINITIALIZED_AUTOS = YES_AGGRESSIVE;
				GCC_WARN_UNUSED_FUNCTION = YES;
				GCC_WARN_UNUSED_VARIABLE = YES;
				LOCALIZATION_PREFERS_STRING_CATALOGS = YES;
				MACOSX_DEPLOYMENT_TARGET = 14.2;
				MTL_ENABLE_DEBUG_INFO = INCLUDE_SOURCE;
				MTL_FAST_MATH = YES;
				ONLY_ACTIVE_ARCH = YES;
				SDKROOT = macosx;
				SWIFT_ACTIVE_COMPILATION_CONDITIONS = "DEBUG $(inherited)";
				SWIFT_OPTIMIZATION_LEVEL = "-Onone";
			};
			name = Debug;
		};
		22A661F52B5EEBFD006AA420 /* Release */ = {
			isa = XCBuildConfiguration;
			buildSettings = {
				ALWAYS_SEARCH_USER_PATHS = NO;
				ASSETCATALOG_COMPILER_GENERATE_SWIFT_ASSET_SYMBOL_EXTENSIONS = YES;
				CLANG_ANALYZER_NONNULL = YES;
				CLANG_ANALYZER_NUMBER_OBJECT_CONVERSION = YES_AGGRESSIVE;
				CLANG_CXX_LANGUAGE_STANDARD = "gnu++20";
				CLANG_ENABLE_MODULES = YES;
				CLANG_ENABLE_OBJC_ARC = YES;
				CLANG_ENABLE_OBJC_WEAK = YES;
				CLANG_WARN_BLOCK_CAPTURE_AUTORELEASING = YES;
				CLANG_WARN_BOOL_CONVERSION = YES;
				CLANG_WARN_COMMA = YES;
				CLANG_WARN_CONSTANT_CONVERSION = YES;
				CLANG_WARN_DEPRECATED_OBJC_IMPLEMENTATIONS = YES;
				CLANG_WARN_DIRECT_OBJC_ISA_USAGE = YES_ERROR;
				CLANG_WARN_DOCUMENTATION_COMMENTS = YES;
				CLANG_WARN_EMPTY_BODY = YES;
				CLANG_WARN_ENUM_CONVERSION = YES;
				CLANG_WARN_INFINITE_RECURSION = YES;
				CLANG_WARN_INT_CONVERSION = YES;
				CLANG_WARN_NON_LITERAL_NULL_CONVERSION = YES;
				CLANG_WARN_OBJC_IMPLICIT_RETAIN_SELF = YES;
				CLANG_WARN_OBJC_LITERAL_CONVERSION = YES;
				CLANG_WARN_OBJC_ROOT_CLASS = YES_ERROR;
				CLANG_WARN_QUOTED_INCLUDE_IN_FRAMEWORK_HEADER = YES;
				CLANG_WARN_RANGE_LOOP_ANALYSIS = YES;
				CLANG_WARN_STRICT_PROTOTYPES = YES;
				CLANG_WARN_SUSPICIOUS_MOVE = YES;
				CLANG_WARN_UNGUARDED_AVAILABILITY = YES_AGGRESSIVE;
				CLANG_WARN_UNREACHABLE_CODE = YES;
				CLANG_WARN__DUPLICATE_METHOD_MATCH = YES;
				COPY_PHASE_STRIP = NO;
				DEBUG_INFORMATION_FORMAT = "dwarf-with-dsym";
				ENABLE_NS_ASSERTIONS = NO;
				ENABLE_STRICT_OBJC_MSGSEND = YES;
				ENABLE_USER_SCRIPT_SANDBOXING = YES;
				GCC_C_LANGUAGE_STANDARD = gnu17;
				GCC_NO_COMMON_BLOCKS = YES;
				GCC_WARN_64_TO_32_BIT_CONVERSION = YES;
				GCC_WARN_ABOUT_RETURN_TYPE = YES_ERROR;
				GCC_WARN_UNDECLARED_SELECTOR = YES;
				GCC_WARN_UNINITIALIZED_AUTOS = YES_AGGRESSIVE;
				GCC_WARN_UNUSED_FUNCTION = YES;
				GCC_WARN_UNUSED_VARIABLE = YES;
				LOCALIZATION_PREFERS_STRING_CATALOGS = YES;
				MACOSX_DEPLOYMENT_TARGET = 14.2;
				MTL_ENABLE_DEBUG_INFO = NO;
				MTL_FAST_MATH = YES;
				SDKROOT = macosx;
				SWIFT_COMPILATION_MODE = wholemodule;
			};
			name = Release;
		};
		22A661F72B5EEBFD006AA420 /* Debug */ = {
			isa = XCBuildConfiguration;
			buildSettings = {
				ASSETCATALOG_COMPILER_APPICON_NAME = AppIcon;
				ASSETCATALOG_COMPILER_GLOBAL_ACCENT_COLOR_NAME = AccentColor;
				CODE_SIGN_ENTITLEMENTS = Landmarks/Landmarks.entitlements;
				CODE_SIGN_STYLE = Automatic;
				COMBINE_HIDPI_IMAGES = YES;
				CURRENT_PROJECT_VERSION = 1;
				DEVELOPMENT_ASSET_PATHS = "\"Landmarks/Preview Content\"";
				DEVELOPMENT_TEAM = QQ97N5Y6CC;
				ENABLE_HARDENED_RUNTIME = YES;
				ENABLE_PREVIEWS = YES;
				GENERATE_INFOPLIST_FILE = YES;
				INFOPLIST_KEY_NSHumanReadableCopyright = "";
				LD_RUNPATH_SEARCH_PATHS = (
					"$(inherited)",
					"@executable_path/../Frameworks",
				);
				MARKETING_VERSION = 1.0;
				PRODUCT_BUNDLE_IDENTIFIER = macos.Landmarks;
				PRODUCT_NAME = "$(TARGET_NAME)";
				SWIFT_EMIT_LOC_STRINGS = YES;
				SWIFT_VERSION = 5.0;
			};
			name = Debug;
		};
		22A661F82B5EEBFD006AA420 /* Release */ = {
			isa = XCBuildConfiguration;
			buildSettings = {
				ASSETCATALOG_COMPILER_APPICON_NAME = AppIcon;
				ASSETCATALOG_COMPILER_GLOBAL_ACCENT_COLOR_NAME = AccentColor;
				CODE_SIGN_ENTITLEMENTS = Landmarks/Landmarks.entitlements;
				CODE_SIGN_STYLE = Automatic;
				COMBINE_HIDPI_IMAGES = YES;
				CURRENT_PROJECT_VERSION = 1;
				DEVELOPMENT_ASSET_PATHS = "\"Landmarks/Preview Content\"";
				DEVELOPMENT_TEAM = QQ97N5Y6CC;
				ENABLE_HARDENED_RUNTIME = YES;
				ENABLE_PREVIEWS = YES;
				GENERATE_INFOPLIST_FILE = YES;
				INFOPLIST_KEY_NSHumanReadableCopyright = "";
				LD_RUNPATH_SEARCH_PATHS = (
					"$(inherited)",
					"@executable_path/../Frameworks",
				);
				MARKETING_VERSION = 1.0;
				PRODUCT_BUNDLE_IDENTIFIER = macos.Landmarks;
				PRODUCT_NAME = "$(TARGET_NAME)";
				SWIFT_EMIT_LOC_STRINGS = YES;
				SWIFT_VERSION = 5.0;
			};
			name = Release;
		};
/* End XCBuildConfiguration section */

/* Begin XCConfigurationList section */
		22A661E22B5EEBFD006AA420 /* Build configuration list for PBXProject "Landmarks" */ = {
			isa = XCConfigurationList;
			buildConfigurations = (
				22A661F42B5EEBFD006AA420 /* Debug */,
				22A661F52B5EEBFD006AA420 /* Release */,
			);
			defaultConfigurationIsVisible = 0;
			defaultConfigurationName = Release;
		};
		22A661F62B5EEBFD006AA420 /* Build configuration list for PBXNativeTarget "Landmarks" */ = {
			isa = XCConfigurationList;
			buildConfigurations = (
				22A661F72B5EEBFD006AA420 /* Debug */,
				22A661F82B5EEBFD006AA420 /* Release */,
			);
			defaultConfigurationIsVisible = 0;
			defaultConfigurationName = Release;
		};
/* End XCConfigurationList section */
	};
	rootObject = 22A661DF2B5EEBFD006AA420 /* Project object */;
}
